
Microsoft Visual Studio Solution File, Format Version 12.00
# Visual Studio 15
VisualStudioVersion = 15.0.26124.0
MinimumVisualStudioVersion = 15.0.26124.0
Project("{FAE04EC0-301F-11D3-BF4B-00C04F79EFBC}") = "td_corp.DOMAIN", "td_corp.DOMAIN\td_corp.DOMAIN.csproj", "{795514BD-DCCE-4DD2-9951-047202AC9ECE}"
EndProject
Project("{FAE04EC0-301F-11D3-BF4B-00C04F79EFBC}") = "td_corp.SHARED", "td_corp.SHARED\td_corp.SHARED.csproj", "{70A16744-E1CC-4C27-98E7-0531063CB747}"
EndProject
Project("{FAE04EC0-301F-11D3-BF4B-00C04F79EFBC}") = "td_corp.TESTS", "td_corp.TESTS\td_corp.TESTS.csproj", "{4128CF89-ABEB-45DF-8D8F-ED460E6C1068}"
EndProject
Project("{FAE04EC0-301F-11D3-BF4B-00C04F79EFBC}") = "td_corp.INFRA", "td_corp.INFRA\td_corp.INFRA.csproj", "{2EB32656-E550-43C4-AFB8-6D94D380E21C}"
EndProject
Global
	GlobalSection(SolutionConfigurationPlatforms) = preSolution
		Debug|Any CPU = Debug|Any CPU
		Debug|x64 = Debug|x64
		Debug|x86 = Debug|x86
		Release|Any CPU = Release|Any CPU
		Release|x64 = Release|x64
		Release|x86 = Release|x86
	EndGlobalSection
	GlobalSection(SolutionProperties) = preSolution
		HideSolutionNode = FALSE
	EndGlobalSection
	GlobalSection(ProjectConfigurationPlatforms) = postSolution
		{795514BD-DCCE-4DD2-9951-047202AC9ECE}.Debug|Any CPU.ActiveCfg = Debug|Any CPU
		{795514BD-DCCE-4DD2-9951-047202AC9ECE}.Debug|Any CPU.Build.0 = Debug|Any CPU
		{795514BD-DCCE-4DD2-9951-047202AC9ECE}.Debug|x64.ActiveCfg = Debug|Any CPU
		{795514BD-DCCE-4DD2-9951-047202AC9ECE}.Debug|x64.Build.0 = Debug|Any CPU
		{795514BD-DCCE-4DD2-9951-047202AC9ECE}.Debug|x86.ActiveCfg = Debug|Any CPU
		{795514BD-DCCE-4DD2-9951-047202AC9ECE}.Debug|x86.Build.0 = Debug|Any CPU
		{795514BD-DCCE-4DD2-9951-047202AC9ECE}.Release|Any CPU.ActiveCfg = Release|Any CPU
		{795514BD-DCCE-4DD2-9951-047202AC9ECE}.Release|Any CPU.Build.0 = Release|Any CPU
		{795514BD-DCCE-4DD2-9951-047202AC9ECE}.Release|x64.ActiveCfg = Release|Any CPU
		{795514BD-DCCE-4DD2-9951-047202AC9ECE}.Release|x64.Build.0 = Release|Any CPU
		{795514BD-DCCE-4DD2-9951-047202AC9ECE}.Release|x86.ActiveCfg = Release|Any CPU
		{795514BD-DCCE-4DD2-9951-047202AC9ECE}.Release|x86.Build.0 = Release|Any CPU
		{70A16744-E1CC-4C27-98E7-0531063CB747}.Debug|Any CPU.ActiveCfg = Debug|Any CPU
		{70A16744-E1CC-4C27-98E7-0531063CB747}.Debug|Any CPU.Build.0 = Debug|Any CPU
		{70A16744-E1CC-4C27-98E7-0531063CB747}.Debug|x64.ActiveCfg = Debug|Any CPU
		{70A16744-E1CC-4C27-98E7-0531063CB747}.Debug|x64.Build.0 = Debug|Any CPU
		{70A16744-E1CC-4C27-98E7-0531063CB747}.Debug|x86.ActiveCfg = Debug|Any CPU
		{70A16744-E1CC-4C27-98E7-0531063CB747}.Debug|x86.Build.0 = Debug|Any CPU
		{70A16744-E1CC-4C27-98E7-0531063CB747}.Release|Any CPU.ActiveCfg = Release|Any CPU
		{70A16744-E1CC-4C27-98E7-0531063CB747}.Release|Any CPU.Build.0 = Release|Any CPU
		{70A16744-E1CC-4C27-98E7-0531063CB747}.Release|x64.ActiveCfg = Release|Any CPU
		{70A16744-E1CC-4C27-98E7-0531063CB747}.Release|x64.Build.0 = Release|Any CPU
		{70A16744-E1CC-4C27-98E7-0531063CB747}.Release|x86.ActiveCfg = Release|Any CPU
		{70A16744-E1CC-4C27-98E7-0531063CB747}.Release|x86.Build.0 = Release|Any CPU
		{4128CF89-ABEB-45DF-8D8F-ED460E6C1068}.Debug|Any CPU.ActiveCfg = Debug|Any CPU
		{4128CF89-ABEB-45DF-8D8F-ED460E6C1068}.Debug|Any CPU.Build.0 = Debug|Any CPU
		{4128CF89-ABEB-45DF-8D8F-ED460E6C1068}.Debug|x64.ActiveCfg = Debug|Any CPU
		{4128CF89-ABEB-45DF-8D8F-ED460E6C1068}.Debug|x64.Build.0 = Debug|Any CPU
		{4128CF89-ABEB-45DF-8D8F-ED460E6C1068}.Debug|x86.ActiveCfg = Debug|Any CPU
		{4128CF89-ABEB-45DF-8D8F-ED460E6C1068}.Debug|x86.Build.0 = Debug|Any CPU
		{4128CF89-ABEB-45DF-8D8F-ED460E6C1068}.Release|Any CPU.ActiveCfg = Release|Any CPU
		{4128CF89-ABEB-45DF-8D8F-ED460E6C1068}.Release|Any CPU.Build.0 = Release|Any CPU
		{4128CF89-ABEB-45DF-8D8F-ED460E6C1068}.Release|x64.ActiveCfg = Release|Any CPU
		{4128CF89-ABEB-45DF-8D8F-ED460E6C1068}.Release|x64.Build.0 = Release|Any CPU
		{4128CF89-ABEB-45DF-8D8F-ED460E6C1068}.Release|x86.ActiveCfg = Release|Any CPU
		{4128CF89-ABEB-45DF-8D8F-ED460E6C1068}.Release|x86.Build.0 = Release|Any CPU
		{2D051E64-4EA7-4CBE-A3B0-E65ED2B1E25B}.Debug|Any CPU.ActiveCfg = Debug|Any CPU
		{2D051E64-4EA7-4CBE-A3B0-E65ED2B1E25B}.Debug|Any CPU.Build.0 = Debug|Any CPU
		{2D051E64-4EA7-4CBE-A3B0-E65ED2B1E25B}.Debug|x64.ActiveCfg = Debug|Any CPU
		{2D051E64-4EA7-4CBE-A3B0-E65ED2B1E25B}.Debug|x64.Build.0 = Debug|Any CPU
		{2D051E64-4EA7-4CBE-A3B0-E65ED2B1E25B}.Debug|x86.ActiveCfg = Debug|Any CPU
		{2D051E64-4EA7-4CBE-A3B0-E65ED2B1E25B}.Debug|x86.Build.0 = Debug|Any CPU
		{2D051E64-4EA7-4CBE-A3B0-E65ED2B1E25B}.Release|Any CPU.ActiveCfg = Release|Any CPU
		{2D051E64-4EA7-4CBE-A3B0-E65ED2B1E25B}.Release|Any CPU.Build.0 = Release|Any CPU
		{2D051E64-4EA7-4CBE-A3B0-E65ED2B1E25B}.Release|x64.ActiveCfg = Release|Any CPU
		{2D051E64-4EA7-4CBE-A3B0-E65ED2B1E25B}.Release|x64.Build.0 = Release|Any CPU
		{2D051E64-4EA7-4CBE-A3B0-E65ED2B1E25B}.Release|x86.ActiveCfg = Release|Any CPU
		{2D051E64-4EA7-4CBE-A3B0-E65ED2B1E25B}.Release|x86.Build.0 = Release|Any CPU
		{2EB32656-E550-43C4-AFB8-6D94D380E21C}.Debug|Any CPU.ActiveCfg = Debug|Any CPU
		{2EB32656-E550-43C4-AFB8-6D94D380E21C}.Debug|Any CPU.Build.0 = Debug|Any CPU
		{2EB32656-E550-43C4-AFB8-6D94D380E21C}.Debug|x64.ActiveCfg = Debug|Any CPU
		{2EB32656-E550-43C4-AFB8-6D94D380E21C}.Debug|x64.Build.0 = Debug|Any CPU
		{2EB32656-E550-43C4-AFB8-6D94D380E21C}.Debug|x86.ActiveCfg = Debug|Any CPU
		{2EB32656-E550-43C4-AFB8-6D94D380E21C}.Debug|x86.Build.0 = Debug|Any CPU
		{2EB32656-E550-43C4-AFB8-6D94D380E21C}.Release|Any CPU.ActiveCfg = Release|Any CPU
		{2EB32656-E550-43C4-AFB8-6D94D380E21C}.Release|Any CPU.Build.0 = Release|Any CPU
		{2EB32656-E550-43C4-AFB8-6D94D380E21C}.Release|x64.ActiveCfg = Release|Any CPU
		{2EB32656-E550-43C4-AFB8-6D94D380E21C}.Release|x64.Build.0 = Release|Any CPU
		{2EB32656-E550-43C4-AFB8-6D94D380E21C}.Release|x86.ActiveCfg = Release|Any CPU
		{2EB32656-E550-43C4-AFB8-6D94D380E21C}.Release|x86.Build.0 = Release|Any CPU
	EndGlobalSection
EndGlobal
